# This file is automatically @generated by Cargo.
# It is not intended for manual editing.
version = 4

[[package]]
name = "sidekick"
version = "0.1.0"

[[package]]
name = "sk-check"
version = "0.1.0"

[[package]]
name = "zx-core"
version = "0.1.0"

[[package]]
name = "zx-sidekick-starquake"
version = "0.1.0"

[[package]]
name = "zx-spectrum"
version = "0.1.0"
